// !$*UTF8*$!
{
	archiveVersion = 1;
	classes = {};
	objectVersion = 56;
	objects = {

/* Begin PBXBuildFile section */
		200000000000000000000011 /* MosemoApp.swift in Sources */ = {isa = PBXBuildFile; fileRef = 300000000000000000000011 /* MosemoApp.swift */; };
		200000000000000000000012 /* CollectorViewModel.swift in Sources */ = {isa = PBXBuildFile; fileRef = 300000000000000000000012 /* CollectorViewModel.swift */; };
		200000000000000000000013 /* ChromeAppleEventClient.swift in Sources */ = {isa = PBXBuildFile; fileRef = 300000000000000000000013 /* ChromeAppleEventClient.swift */; };
		200000000000000000000014 /* AccessibilityClient.swift in Sources */ = {isa = PBXBuildFile; fileRef = 300000000000000000000014 /* AccessibilityClient.swift */; };
		200000000000000000000015 /* ReturnAnchorStore.swift in Sources */ = {isa = PBXBuildFile; fileRef = 300000000000000000000015 /* ReturnAnchorStore.swift */; };
		200000000000000000000016 /* InputActivityMonitor.swift in Sources */ = {isa = PBXBuildFile; fileRef = 300000000000000000000016 /* InputActivityMonitor.swift */; };
		200000000000000000000017 /* WorkspaceObserver.swift in Sources */ = {isa = PBXBuildFile; fileRef = 300000000000000000000017 /* WorkspaceObserver.swift */; };
		200000000000000000000018 /* PerformanceSampler.swift in Sources */ = {isa = PBXBuildFile; fileRef = 300000000000000000000018 /* PerformanceSampler.swift */; };
		200000000000000000000019 /* AuthCoordinator.swift in Sources */ = {isa = PBXBuildFile; fileRef = 300000000000000000000019 /* AuthCoordinator.swift */; };
		200000000000000000000041 /* CollectorCore in Frameworks */ = {isa = PBXBuildFile; productRef = B00000000000000000000001 /* CollectorCore */; };
		200000000000000000000042 /* MosemoAPI in Frameworks */ = {isa = PBXBuildFile; productRef = B00000000000000000000002 /* MosemoAPI */; };
/* End PBXBuildFile section */

/* Begin PBXFileReference section */
		300000000000000000000011 /* MosemoApp.swift */ = {isa = PBXFileReference; lastKnownFileType = sourcecode.swift; path = MosemoApp.swift; sourceTree = "<group>"; };
		300000000000000000000012 /* CollectorViewModel.swift */ = {isa = PBXFileReference; lastKnownFileType = sourcecode.swift; path = CollectorViewModel.swift; sourceTree = "<group>"; };
		300000000000000000000013 /* ChromeAppleEventClient.swift */ = {isa = PBXFileReference; lastKnownFileType = sourcecode.swift; path = ChromeAppleEventClient.swift; sourceTree = "<group>"; };
		300000000000000000000014 /* AccessibilityClient.swift */ = {isa = PBXFileReference; lastKnownFileType = sourcecode.swift; path = AccessibilityClient.swift; sourceTree = "<group>"; };
		300000000000000000000015 /* ReturnAnchorStore.swift */ = {isa = PBXFileReference; lastKnownFileType = sourcecode.swift; path = ReturnAnchorStore.swift; sourceTree = "<group>"; };
		300000000000000000000016 /* InputActivityMonitor.swift */ = {isa = PBXFileReference; lastKnownFileType = sourcecode.swift; path = InputActivityMonitor.swift; sourceTree = "<group>"; };
		300000000000000000000017 /* WorkspaceObserver.swift */ = {isa = PBXFileReference; lastKnownFileType = sourcecode.swift; path = WorkspaceObserver.swift; sourceTree = "<group>"; };
		300000000000000000000018 /* PerformanceSampler.swift */ = {isa = PBXFileReference; lastKnownFileType = sourcecode.swift; path = PerformanceSampler.swift; sourceTree = "<group>"; };
		300000000000000000000019 /* AuthCoordinator.swift */ = {isa = PBXFileReference; lastKnownFileType = sourcecode.swift; path = AuthCoordinator.swift; sourceTree = "<group>"; };
		300000000000000000000030 /* Mosemo.app */ = {isa = PBXFileReference; explicitFileType = wrapper.application; includeInIndex = 0; path = Mosemo.app; sourceTree = BUILT_PRODUCTS_DIR; };
		300000000000000000000040 /* Info.plist */ = {isa = PBXFileReference; lastKnownFileType = text.plist.xml; path = Info.plist; sourceTree = "<group>"; };
/* End PBXFileReference section */

/* Begin PBXFrameworksBuildPhase section */
		500000000000000000000002 = {
			isa = PBXFrameworksBuildPhase;
			buildActionMask = 2147483647;
			files = (
				200000000000000000000041 /* CollectorCore in Frameworks */,
				200000000000000000000042 /* MosemoAPI in Frameworks */,
			);
			runOnlyForDeploymentPostprocessing = 0;
		};
/* End PBXFrameworksBuildPhase section */

/* Begin PBXGroup section */
		600000000000000000000001 = {
			isa = PBXGroup;
			children = (
				600000000000000000000002 /* Sources */,
				300000000000000000000040 /* Info.plist */,
				600000000000000000000006 /* Products */,
			);
			sourceTree = "<group>";
		};
		600000000000000000000002 /* Sources */ = {
			isa = PBXGroup;
			children = (
				600000000000000000000004 /* MosemoApp */,
			);
			path = Sources;
			sourceTree = "<group>";
		};
		600000000000000000000004 /* MosemoApp */ = {
			isa = PBXGroup;
			children = (
				300000000000000000000011 /* MosemoApp.swift */,
				300000000000000000000012 /* CollectorViewModel.swift */,
				300000000000000000000013 /* ChromeAppleEventClient.swift */,
				300000000000000000000014 /* AccessibilityClient.swift */,
				300000000000000000000015 /* ReturnAnchorStore.swift */,
				300000000000000000000016 /* InputActivityMonitor.swift */,
				300000000000000000000017 /* WorkspaceObserver.swift */,
				300000000000000000000018 /* PerformanceSampler.swift */,
				300000000000000000000019 /* AuthCoordinator.swift */,
			);
			path = MosemoApp;
			sourceTree = "<group>";
		};
		600000000000000000000006 /* Products */ = {
			isa = PBXGroup;
			children = (
				300000000000000000000030 /* Mosemo.app */,
			);
			name = Products;
			sourceTree = "<group>";
		};
/* End PBXGroup section */

/* Begin PBXNativeTarget section */
		100000000000000000000003 /* Mosemo */ = {
			isa = PBXNativeTarget;
			buildConfigurationList = 700000000000000000000003;
			buildPhases = (
				800000000000000000000002,
				500000000000000000000002,
				800000000000000000000005,
			);
			buildRules = ();
			dependencies = ();
			name = Mosemo;
			packageProductDependencies = (
				B00000000000000000000001 /* CollectorCore */,
				B00000000000000000000002 /* MosemoAPI */,
			);
			productName = Mosemo;
			productReference = 300000000000000000000030 /* Mosemo.app */;
			productType = "com.apple.product-type.application";
		};
/* End PBXNativeTarget section */

/* Begin PBXProject section */
		100000000000000000000001 /* Project object */ = {
			isa = PBXProject;
			attributes = {
				BuildIndependentTargetsInParallel = 1;
				LastSwiftUpdateCheck = 2600;
				LastUpgradeCheck = 2600;
				TargetAttributes = {
					100000000000000000000003 = {CreatedOnToolsVersion = 26.0;};
				};
			};
			buildConfigurationList = 700000000000000000000001;
			compatibilityVersion = "Xcode 14.0";
			developmentRegion = ko;
			hasScannedForEncodings = 0;
			knownRegions = (ko, Base,);
			mainGroup = 600000000000000000000001;
			packageReferences = (
				B00000000000000000000000 /* XCLocalSwiftPackageReference "." */,
			);
			productRefGroup = 600000000000000000000006;
			projectDirPath = "";
			projectRoot = "";
			targets = (
				100000000000000000000003 /* Mosemo */,
			);
		};
/* End PBXProject section */

/* Begin PBXResourcesBuildPhase section */
		800000000000000000000005 = {isa = PBXResourcesBuildPhase; buildActionMask = 2147483647; files = (); runOnlyForDeploymentPostprocessing = 0; };
/* End PBXResourcesBuildPhase section */

/* Begin PBXSourcesBuildPhase section */
		800000000000000000000002 = {
			isa = PBXSourcesBuildPhase;
			buildActionMask = 2147483647;
			files = (
				200000000000000000000011 /* MosemoApp.swift in Sources */,
				200000000000000000000012 /* CollectorViewModel.swift in Sources */,
				200000000000000000000013 /* ChromeAppleEventClient.swift in Sources */,
				200000000000000000000014 /* AccessibilityClient.swift in Sources */,
				200000000000000000000015 /* ReturnAnchorStore.swift in Sources */,
				200000000000000000000016 /* InputActivityMonitor.swift in Sources */,
				200000000000000000000017 /* WorkspaceObserver.swift in Sources */,
				200000000000000000000018 /* PerformanceSampler.swift in Sources */,
				200000000000000000000019 /* AuthCoordinator.swift in Sources */,
			);
			runOnlyForDeploymentPostprocessing = 0;
		};
/* End PBXSourcesBuildPhase section */

/* Begin XCBuildConfiguration section */
		A00000000000000000000001 = {isa = XCBuildConfiguration; buildSettings = {CLANG_ENABLE_MODULES = YES; MACOSX_DEPLOYMENT_TARGET = 14.0; ONLY_ACTIVE_ARCH = YES; SDKROOT = macosx; SWIFT_VERSION = 5.0;}; name = Debug; };
		A00000000000000000000002 = {isa = XCBuildConfiguration; buildSettings = {CLANG_ENABLE_MODULES = YES; MACOSX_DEPLOYMENT_TARGET = 14.0; SDKROOT = macosx; SWIFT_VERSION = 5.0;}; name = Release; };
		A00000000000000000000021 = {isa = XCBuildConfiguration; buildSettings = {CODE_SIGN_IDENTITY = "-"; CODE_SIGN_STYLE = Manual; CURRENT_PROJECT_VERSION = 1; ENABLE_APP_SANDBOX = NO; ENABLE_HARDENED_RUNTIME = NO; GENERATE_INFOPLIST_FILE = NO; INFOPLIST_FILE = Info.plist; MACOSX_DEPLOYMENT_TARGET = 14.0; MARKETING_VERSION = 0.1; MOSEMO_API_BASE_URL = "http://localhost:8000"; PRODUCT_BUNDLE_IDENTIFIER = io.mosemo.app; PRODUCT_NAME = Mosemo; SWIFT_OPTIMIZATION_LEVEL = "-Onone"; SWIFT_VERSION = 5.0;}; name = Debug; };
		A00000000000000000000022 = {isa = XCBuildConfiguration; buildSettings = {CODE_SIGN_IDENTITY = "-"; CODE_SIGN_STYLE = Manual; CURRENT_PROJECT_VERSION = 1; ENABLE_APP_SANDBOX = NO; ENABLE_HARDENED_RUNTIME = NO; GENERATE_INFOPLIST_FILE = NO; INFOPLIST_FILE = Info.plist; MACOSX_DEPLOYMENT_TARGET = 14.0; MARKETING_VERSION = 0.1; MOSEMO_API_BASE_URL = ""; PRODUCT_BUNDLE_IDENTIFIER = io.mosemo.app; PRODUCT_NAME = Mosemo; SWIFT_OPTIMIZATION_LEVEL = "-O"; SWIFT_VERSION = 5.0;}; name = Release; };
/* End XCBuildConfiguration section */

/* Begin XCConfigurationList section */
		700000000000000000000001 = {isa = XCConfigurationList; buildConfigurations = (A00000000000000000000001, A00000000000000000000002,); defaultConfigurationIsVisible = 0; defaultConfigurationName = Release; };
		700000000000000000000003 = {isa = XCConfigurationList; buildConfigurations = (A00000000000000000000021, A00000000000000000000022,); defaultConfigurationIsVisible = 0; defaultConfigurationName = Release; };
/* End XCConfigurationList section */

/* Begin XCLocalSwiftPackageReference section */
		B00000000000000000000000 /* XCLocalSwiftPackageReference "." */ = {isa = XCLocalSwiftPackageReference; relativePath = "."; };
/* End XCLocalSwiftPackageReference section */

/* Begin XCSwiftPackageProductDependency section */
		B00000000000000000000001 /* CollectorCore */ = {isa = XCSwiftPackageProductDependency; package = B00000000000000000000000 /* XCLocalSwiftPackageReference "." */; productName = CollectorCore; };
		B00000000000000000000002 /* MosemoAPI */ = {isa = XCSwiftPackageProductDependency; package = B00000000000000000000000 /* XCLocalSwiftPackageReference "." */; productName = MosemoAPI; };
/* End XCSwiftPackageProductDependency section */
	};
	rootObject = 100000000000000000000001 /* Project object */;
}
